
Microsoft Visual Studio Solution File, Format Version 12.00
# Visual Studio Version 16
VisualStudioVersion = 16.0.30225.117
MinimumVisualStudioVersion = 10.0.40219.1
Project("{9A19103F-16F7-4668-BE54-9A1E7A4F7556}") = "GeometricShapes.Domain", "GeometricShapes.Domain\GeometricShapes.Domain.csproj", "{7B075ABE-22A9-49DC-ABD6-763004AF1CAA}"
EndProject
Project("{FAE04EC0-301F-11D3-BF4B-00C04F79EFBC}") = "GeometricShapes.XUnitTest", "GeometricShapes.XUnitTest\GeometricShapes.XUnitTest.csproj", "{1AE065A9-0394-48F8-91B6-2568F0F810C3}"
EndProject
Global
	GlobalSection(SolutionConfigurationPlatforms) = preSolution
		Debug|Any CPU = Debug|Any CPU
		Release|Any CPU = Release|Any CPU
	EndGlobalSection
	GlobalSection(ProjectConfigurationPlatforms) = postSolution
		{7B075ABE-22A9-49DC-ABD6-763004AF1CAA}.Debug|Any CPU.ActiveCfg = Debug|Any CPU
		{7B075ABE-22A9-49DC-ABD6-763004AF1CAA}.Debug|Any CPU.Build.0 = Debug|Any CPU
		{7B075ABE-22A9-49DC-ABD6-763004AF1CAA}.Release|Any CPU.ActiveCfg = Release|Any CPU
		{7B075ABE-22A9-49DC-ABD6-763004AF1CAA}.Release|Any CPU.Build.0 = Release|Any CPU
		{1AE065A9-0394-48F8-91B6-2568F0F810C3}.Debug|Any CPU.ActiveCfg = Debug|Any CPU
		{1AE065A9-0394-48F8-91B6-2568F0F810C3}.Debug|Any CPU.Build.0 = Debug|Any CPU
		{1AE065A9-0394-48F8-91B6-2568F0F810C3}.Release|Any CPU.ActiveCfg = Release|Any CPU
		{1AE065A9-0394-48F8-91B6-2568F0F810C3}.Release|Any CPU.Build.0 = Release|Any CPU
	EndGlobalSection
	GlobalSection(SolutionProperties) = preSolution
		HideSolutionNode = FALSE
	EndGlobalSection
	GlobalSection(ExtensibilityGlobals) = postSolution
		SolutionGuid = {9546AE8C-5429-49B3-9E87-EEC3E4F45405}
	EndGlobalSection
EndGlobal
